
Microsoft Visual Studio Solution File, Format Version 12.00
# Visual Studio 15
VisualStudioVersion = 15.0.27130.2027
MinimumVisualStudioVersion = 10.0.40219.1
Project("{FAE04EC0-301F-11D3-BF4B-00C04F79EFBC}") = "AdventureWorks.DbModel", "AdventureWorks.DbModel\AdventureWorks.DbModel.csproj", "{BDBA4CF5-1912-41D3-9B52-EFF446E76ED9}"
EndProject
Project("{FAE04EC0-301F-11D3-BF4B-00C04F79EFBC}") = "AdventureWorks.Services", "AdventureWorks.Services\AdventureWorks.Services.csproj", "{9CE302A2-D18A-4530-880B-195487D9918B}"
EndProject
Project("{FAE04EC0-301F-11D3-BF4B-00C04F79EFBC}") = "AdventureWorks.Web", "AdventureWorks.Web\AdventureWorks.Web.csproj", "{EDBE0F75-EA0B-4CB3-AFE6-053D1060F894}"
EndProject
Global
	GlobalSection(SolutionConfigurationPlatforms) = preSolution
		Debug|Any CPU = Debug|Any CPU
		Release|Any CPU = Release|Any CPU
	EndGlobalSection
	GlobalSection(ProjectConfigurationPlatforms) = postSolution
		{BDBA4CF5-1912-41D3-9B52-EFF446E76ED9}.Debug|Any CPU.ActiveCfg = Debug|Any CPU
		{BDBA4CF5-1912-41D3-9B52-EFF446E76ED9}.Debug|Any CPU.Build.0 = Debug|Any CPU
		{BDBA4CF5-1912-41D3-9B52-EFF446E76ED9}.Release|Any CPU.ActiveCfg = Release|Any CPU
		{BDBA4CF5-1912-41D3-9B52-EFF446E76ED9}.Release|Any CPU.Build.0 = Release|Any CPU
		{9CE302A2-D18A-4530-880B-195487D9918B}.Debug|Any CPU.ActiveCfg = Debug|Any CPU
		{9CE302A2-D18A-4530-880B-195487D9918B}.Debug|Any CPU.Build.0 = Debug|Any CPU
		{9CE302A2-D18A-4530-880B-195487D9918B}.Release|Any CPU.ActiveCfg = Release|Any CPU
		{9CE302A2-D18A-4530-880B-195487D9918B}.Release|Any CPU.Build.0 = Release|Any CPU
		{EDBE0F75-EA0B-4CB3-AFE6-053D1060F894}.Debug|Any CPU.ActiveCfg = Debug|Any CPU
		{EDBE0F75-EA0B-4CB3-AFE6-053D1060F894}.Debug|Any CPU.Build.0 = Debug|Any CPU
		{EDBE0F75-EA0B-4CB3-AFE6-053D1060F894}.Release|Any CPU.ActiveCfg = Release|Any CPU
		{EDBE0F75-EA0B-4CB3-AFE6-053D1060F894}.Release|Any CPU.Build.0 = Release|Any CPU
	EndGlobalSection
	GlobalSection(SolutionProperties) = preSolution
		HideSolutionNode = FALSE
	EndGlobalSection
	GlobalSection(ExtensibilityGlobals) = postSolution
		SolutionGuid = {F07853B3-FBB9-4277-82A1-7CBDA9A6748F}
	EndGlobalSection
EndGlobal
